
Microsoft Visual Studio Solution File, Format Version 12.00
# Visual Studio Version 16
VisualStudioVersion = 16.0.31205.134
MinimumVisualStudioVersion = 10.0.40219.1
Project("{9A19103F-16F7-4668-BE54-9A1E7A4F7556}") = "bis-305-assign5-case-5-1-test", "bis-305-assign5-case-5-1-test.csproj", "{70CF8F58-F233-4F4B-9C36-ED5D66337F52}"
EndProject
Global
	GlobalSection(SolutionConfigurationPlatforms) = preSolution
		Debug|Any CPU = Debug|Any CPU
		Release|Any CPU = Release|Any CPU
	EndGlobalSection
	GlobalSection(ProjectConfigurationPlatforms) = postSolution
		{70CF8F58-F233-4F4B-9C36-ED5D66337F52}.Debug|Any CPU.ActiveCfg = Debug|Any CPU
		{70CF8F58-F233-4F4B-9C36-ED5D66337F52}.Debug|Any CPU.Build.0 = Debug|Any CPU
		{70CF8F58-F233-4F4B-9C36-ED5D66337F52}.Release|Any CPU.ActiveCfg = Release|Any CPU
		{70CF8F58-F233-4F4B-9C36-ED5D66337F52}.Release|Any CPU.Build.0 = Release|Any CPU
	EndGlobalSection
	GlobalSection(SolutionProperties) = preSolution
		HideSolutionNode = FALSE
	EndGlobalSection
	GlobalSection(ExtensibilityGlobals) = postSolution
		SolutionGuid = {E9ABA7C7-BDDA-4EC9-8EE1-B0DBEF356FC1}
	EndGlobalSection
EndGlobal
